
Microsoft Visual Studio Solution File, Format Version 12.00
# Visual Studio 15
VisualStudioVersion = 15.0.27703.2035
MinimumVisualStudioVersion = 10.0.40219.1
Project("{FAE04EC0-301F-11D3-BF4B-00C04F79EFBC}") = "PCarpet", "PCarpet\PCarpet.csproj", "{BFBF3477-88E3-4115-9050-38A10E476116}"
EndProject
Project("{FAE04EC0-301F-11D3-BF4B-00C04F79EFBC}") = "MioBroker", "..\..\Client Giallo MQTT\MioBroker\MioBroker.csproj", "{4CF71F4C-1E6D-4FEF-A052-5D9DE2C37EF4}"
EndProject
Global
	GlobalSection(SolutionConfigurationPlatforms) = preSolution
		Debug|Any CPU = Debug|Any CPU
		Release|Any CPU = Release|Any CPU
	EndGlobalSection
	GlobalSection(ProjectConfigurationPlatforms) = postSolution
		{BFBF3477-88E3-4115-9050-38A10E476116}.Debug|Any CPU.ActiveCfg = Debug|Any CPU
		{BFBF3477-88E3-4115-9050-38A10E476116}.Debug|Any CPU.Build.0 = Debug|Any CPU
		{BFBF3477-88E3-4115-9050-38A10E476116}.Release|Any CPU.ActiveCfg = Release|Any CPU
		{BFBF3477-88E3-4115-9050-38A10E476116}.Release|Any CPU.Build.0 = Release|Any CPU
		{4CF71F4C-1E6D-4FEF-A052-5D9DE2C37EF4}.Debug|Any CPU.ActiveCfg = Debug|Any CPU
		{4CF71F4C-1E6D-4FEF-A052-5D9DE2C37EF4}.Debug|Any CPU.Build.0 = Debug|Any CPU
		{4CF71F4C-1E6D-4FEF-A052-5D9DE2C37EF4}.Release|Any CPU.ActiveCfg = Release|Any CPU
		{4CF71F4C-1E6D-4FEF-A052-5D9DE2C37EF4}.Release|Any CPU.Build.0 = Release|Any CPU
	EndGlobalSection
	GlobalSection(SolutionProperties) = preSolution
		HideSolutionNode = FALSE
	EndGlobalSection
	GlobalSection(ExtensibilityGlobals) = postSolution
		SolutionGuid = {FE6BD2B6-9C4D-4C7F-9B87-8A341A1A2722}
	EndGlobalSection
EndGlobal
